{
  "definitions": [
    {
      "protopath": "default:/:default.proto",
      "def": {
        "enums": [
          {
            "name": "Test",
            "enum_fields": [
              {
                "name": "TEST_UNSPECIFIED"
              },
              {
                "name": "TEST_FIRST",
                "integer": 1
              },
              {
                "name": "TEST_SECOND",
                "integer": 2
              }
            ]
          }
        ],
        "package": {
          "name": "default"
        }
      }
    }
  ]
}