{
  "definitions": [
    {
      "protopath": "default:/:default.proto",
      "def": {
        "messages": [
          {
            "name": "ElementList",
            "fields": [
              {
                "id": 1,
                "name": "first",
                "type": "string"
              },
              {
                "id": 2,
                "name": "second",
                "type": "string"
              },
              {
                "id": 3,
                "name": "third",
                "type": "string"
              }
            ]
          }
        ],
        "package": {
          "name": "default"
        }
      }
    }
  ]
}